Microsoft Visual Studio Solution File, Format Version 11.00
# Visual Studio 2008

Project("{BE2AAF8E-1C13-C318-4F29-080816F81221}") = "PathFindingPrototype", "Assembly-CSharp-vs.csproj", "{205BC273-5593-3083-BAC1-9CB26470D0F7}"
EndProject
Project("{BE2AAF8E-1C13-C318-4F29-080816F81221}") = "PathFindingPrototype", "Assembly-CSharp-Editor-vs.csproj", "{BB9DA0F5-1A7A-03A4-C33C-F1BF5D8529B1}"
EndProject
Global
	GlobalSection(SolutionConfigurationPlatforms) = preSolution
		Debug|Any CPU = Debug|Any CPU
		Release|Any CPU = Release|Any CPU
	EndGlobalSection
	GlobalSection(ProjectConfigurationPlatforms) = postSolution
		{205BC273-5593-3083-BAC1-9CB26470D0F7}.Debug|Any CPU.ActiveCfg = Debug|Any CPU
		{205BC273-5593-3083-BAC1-9CB26470D0F7}.Debug|Any CPU.Build.0 = Debug|Any CPU
		{205BC273-5593-3083-BAC1-9CB26470D0F7}.Release|Any CPU.ActiveCfg = Release|Any CPU
		{205BC273-5593-3083-BAC1-9CB26470D0F7}.Release|Any CPU.Build.0 = Release|Any CPU
		{BB9DA0F5-1A7A-03A4-C33C-F1BF5D8529B1}.Debug|Any CPU.ActiveCfg = Debug|Any CPU
		{BB9DA0F5-1A7A-03A4-C33C-F1BF5D8529B1}.Debug|Any CPU.Build.0 = Debug|Any CPU
		{BB9DA0F5-1A7A-03A4-C33C-F1BF5D8529B1}.Release|Any CPU.ActiveCfg = Release|Any CPU
		{BB9DA0F5-1A7A-03A4-C33C-F1BF5D8529B1}.Release|Any CPU.Build.0 = Release|Any CPU
	EndGlobalSection
	GlobalSection(SolutionProperties) = preSolution
		HideSolutionNode = FALSE
	EndGlobalSection
																						GlobalSection(MonoDevelopProperties) = preSolution
		StartupItem = Assembly-CSharp.csproj
		Policies = $0
		$0.TextStylePolicy = $1
		$1.inheritsSet = null
		$1.scope = text/x-csharp
		$0.CSharpFormattingPolicy = $2
		$2.inheritsSet = Mono
		$2.inheritsScope = text/x-csharp
		$2.scope = text/x-csharp
		$0.TextStylePolicy = $3
		$3.FileWidth = 120
		$3.TabWidth = 4
		$3.EolMarker = Unix
		$3.inheritsSet = Mono
		$3.inheritsScope = text/plain
		$3.scope = text/plain
	EndGlobalSection

EndGlobal
